// !$*UTF8*$!
{
	archiveVersion = 1;
	classes = {
	};
	objectVersion = 46;
	objects = {

/* Begin PBXBuildFile section */
		8CABB4EB18AB969900EA72F3 /* DKPaginatedTableViewController.m in Sources */ = {isa = PBXBuildFile; fileRef = 8CABB4EA18AB969900EA72F3 /* DKPaginatedTableViewController.m */; };
		8CABB4EE18AB970A00EA72F3 /* DKNextViewController.m in Sources */ = {isa = PBXBuildFile; fileRef = 8CABB4ED18AB970A00EA72F3 /* DKNextViewController.m */; };
		8CD45B3A18A3B1C10075C7B6 /* Foundation.framework in Frameworks */ = {isa = PBXBuildFile; fileRef = 8CD45B3918A3B1C10075C7B6 /* Foundation.framework */; };
		8CD45B3C18A3B1C10075C7B6 /* CoreGraphics.framework in Frameworks */ = {isa = PBXBuildFile; fileRef = 8CD45B3B18A3B1C10075C7B6 /* CoreGraphics.framework */; };
		8CD45B3E18A3B1C10075C7B6 /* UIKit.framework in Frameworks */ = {isa = PBXBuildFile; fileRef = 8CD45B3D18A3B1C10075C7B6 /* UIKit.framework */; };
		8CD45B4018A3B1C10075C7B6 /* CoreData.framework in Frameworks */ = {isa = PBXBuildFile; fileRef = 8CD45B3F18A3B1C10075C7B6 /* CoreData.framework */; };
		8CD45B4618A3B1C10075C7B6 /* InfoPlist.strings in Resources */ = {isa = PBXBuildFile; fileRef = 8CD45B4418A3B1C10075C7B6 /* InfoPlist.strings */; };
		8CD45B4818A3B1C10075C7B6 /* main.m in Sources */ = {isa = PBXBuildFile; fileRef = 8CD45B4718A3B1C10075C7B6 /* main.m */; };
		8CD45B4C18A3B1C20075C7B6 /* DKAppDelegate.m in Sources */ = {isa = PBXBuildFile; fileRef = 8CD45B4B18A3B1C20075C7B6 /* DKAppDelegate.m */; };
		8CD45B4F18A3B1C20075C7B6 /* CoreData.xcdatamodeld in Sources */ = {isa = PBXBuildFile; fileRef = 8CD45B4D18A3B1C20075C7B6 /* CoreData.xcdatamodeld */; };
		8CD45B5118A3B1C20075C7B6 /* Images.xcassets in Resources */ = {isa = PBXBuildFile; fileRef = 8CD45B5018A3B1C20075C7B6 /* Images.xcassets */; };
		8CD45B5818A3B1C20075C7B6 /* XCTest.framework in Frameworks */ = {isa = PBXBuildFile; fileRef = 8CD45B5718A3B1C20075C7B6 /* XCTest.framework */; };
		8CD45B5918A3B1C20075C7B6 /* Foundation.framework in Frameworks */ = {isa = PBXBuildFile; fileRef = 8CD45B3918A3B1C10075C7B6 /* Foundation.framework */; };
		8CD45B5A18A3B1C20075C7B6 /* UIKit.framework in Frameworks */ = {isa = PBXBuildFile; fileRef = 8CD45B3D18A3B1C10075C7B6 /* UIKit.framework */; };
		8CD45B5B18A3B1C20075C7B6 /* CoreData.framework in Frameworks */ = {isa = PBXBuildFile; fileRef = 8CD45B3F18A3B1C10075C7B6 /* CoreData.framework */; };
		8CD45B6318A3B1C20075C7B6 /* InfoPlist.strings in Resources */ = {isa = PBXBuildFile; fileRef = 8CD45B6118A3B1C20075C7B6 /* InfoPlist.strings */; };
		8CD45B6518A3B1C20075C7B6 /* CoreDataTests.m in Sources */ = {isa = PBXBuildFile; fileRef = 8CD45B6418A3B1C20075C7B6 /* CoreDataTests.m */; };
		8CD45B7218A3B66D0075C7B6 /* DKViewController.m in Sources */ = {isa = PBXBuildFile; fileRef = 8CD45B7018A3B66D0075C7B6 /* DKViewController.m */; };
		8CD45B7318A3B66D0075C7B6 /* DKViewController.xib in Resources */ = {isa = PBXBuildFile; fileRef = 8CD45B7118A3B66D0075C7B6 /* DKViewController.xib */; };
		8CD45B7618A3C5980075C7B6 /* Event.m in Sources */ = {isa = PBXBuildFile; fileRef = 8CD45B7518A3C5980075C7B6 /* Event.m */; };
		8CD45B7918A3C5990075C7B6 /* Action.m in Sources */ = {isa = PBXBuildFile; fileRef = 8CD45B7818A3C5990075C7B6 /* Action.m */; };
/* End PBXBuildFile section */

/* Begin PBXContainerItemProxy section */
		8CD45B5C18A3B1C20075C7B6 /* PBXContainerItemProxy */ = {
			isa = PBXContainerItemProxy;
			containerPortal = 8CD45B2E18A3B1C10075C7B6 /* Project object */;
			proxyType = 1;
			remoteGlobalIDString = 8CD45B3518A3B1C10075C7B6;
			remoteInfo = CoreData;
		};
/* End PBXContainerItemProxy section */

/* Begin PBXFileReference section */
		8CABB4E918AB969900EA72F3 /* DKPaginatedTableViewController.h */ = {isa = PBXFileReference; fileEncoding = 4; lastKnownFileType = sourcecode.c.h; path = DKPaginatedTableViewController.h; sourceTree = "<group>"; };
		8CABB4EA18AB969900EA72F3 /* DKPaginatedTableViewController.m */ = {isa = PBXFileReference; fileEncoding = 4; lastKnownFileType = sourcecode.c.objc; path = DKPaginatedTableViewController.m; sourceTree = "<group>"; };
		8CABB4EC18AB970A00EA72F3 /* DKNextViewController.h */ = {isa = PBXFileReference; fileEncoding = 4; lastKnownFileType = sourcecode.c.h; path = DKNextViewController.h; sourceTree = "<group>"; };
		8CABB4ED18AB970A00EA72F3 /* DKNextViewController.m */ = {isa = PBXFileReference; fileEncoding = 4; lastKnownFileType = sourcecode.c.objc; path = DKNextViewController.m; sourceTree = "<group>"; };
		8CD45B3618A3B1C10075C7B6 /* Paginated Table View.app */ = {isa = PBXFileReference; explicitFileType = wrapper.application; includeInIndex = 0; path = "Paginated Table View.app"; sourceTree = BUILT_PRODUCTS_DIR; };
		8CD45B3918A3B1C10075C7B6 /* Foundation.framework */ = {isa = PBXFileReference; lastKnownFileType = wrapper.framework; name = Foundation.framework; path = System/Library/Frameworks/Foundation.framework; sourceTree = SDKROOT; };
		8CD45B3B18A3B1C10075C7B6 /* CoreGraphics.framework */ = {isa = PBXFileReference; lastKnownFileType = wrapper.framework; name = CoreGraphics.framework; path = System/Library/Frameworks/CoreGraphics.framework; sourceTree = SDKROOT; };
		8CD45B3D18A3B1C10075C7B6 /* UIKit.framework */ = {isa = PBXFileReference; lastKnownFileType = wrapper.framework; name = UIKit.framework; path = System/Library/Frameworks/UIKit.framework; sourceTree = SDKROOT; };
		8CD45B3F18A3B1C10075C7B6 /* CoreData.framework */ = {isa = PBXFileReference; lastKnownFileType = wrapper.framework; name = CoreData.framework; path = System/Library/Frameworks/CoreData.framework; sourceTree = SDKROOT; };
		8CD45B4318A3B1C10075C7B6 /* Paginated Table View-Info.plist */ = {isa = PBXFileReference; lastKnownFileType = text.plist.xml; path = "Paginated Table View-Info.plist"; sourceTree = "<group>"; };
		8CD45B4518A3B1C10075C7B6 /* en */ = {isa = PBXFileReference; lastKnownFileType = text.plist.strings; name = en; path = en.lproj/InfoPlist.strings; sourceTree = "<group>"; };
		8CD45B4718A3B1C10075C7B6 /* main.m */ = {isa = PBXFileReference; lastKnownFileType = sourcecode.c.objc; path = main.m; sourceTree = "<group>"; };
		8CD45B4918A3B1C10075C7B6 /* Paginated Table View-Prefix.pch */ = {isa = PBXFileReference; lastKnownFileType = sourcecode.c.h; path = "Paginated Table View-Prefix.pch"; sourceTree = "<group>"; };
		8CD45B4A18A3B1C10075C7B6 /* DKAppDelegate.h */ = {isa = PBXFileReference; lastKnownFileType = sourcecode.c.h; path = DKAppDelegate.h; sourceTree = "<group>"; };
		8CD45B4B18A3B1C20075C7B6 /* DKAppDelegate.m */ = {isa = PBXFileReference; lastKnownFileType = sourcecode.c.objc; path = DKAppDelegate.m; sourceTree = "<group>"; };
		8CD45B4E18A3B1C20075C7B6 /* CoreData.xcdatamodel */ = {isa = PBXFileReference; lastKnownFileType = wrapper.xcdatamodel; path = CoreData.xcdatamodel; sourceTree = "<group>"; };
		8CD45B5018A3B1C20075C7B6 /* Images.xcassets */ = {isa = PBXFileReference; lastKnownFileType = folder.assetcatalog; path = Images.xcassets; sourceTree = "<group>"; };
		8CD45B5618A3B1C20075C7B6 /* Paginated Table ViewTests.xctest */ = {isa = PBXFileReference; explicitFileType = wrapper.cfbundle; includeInIndex = 0; path = "Paginated Table ViewTests.xctest"; sourceTree = BUILT_PRODUCTS_DIR; };
		8CD45B5718A3B1C20075C7B6 /* XCTest.framework */ = {isa = PBXFileReference; lastKnownFileType = wrapper.framework; name = XCTest.framework; path = Library/Frameworks/XCTest.framework; sourceTree = DEVELOPER_DIR; };
		8CD45B6018A3B1C20075C7B6 /* Paginated Table ViewTests-Info.plist */ = {isa = PBXFileReference; lastKnownFileType = text.plist.xml; path = "Paginated Table ViewTests-Info.plist"; sourceTree = "<group>"; };
		8CD45B6218A3B1C20075C7B6 /* en */ = {isa = PBXFileReference; lastKnownFileType = text.plist.strings; name = en; path = en.lproj/InfoPlist.strings; sourceTree = "<group>"; };
		8CD45B6418A3B1C20075C7B6 /* CoreDataTests.m */ = {isa = PBXFileReference; lastKnownFileType = sourcecode.c.objc; path = CoreDataTests.m; sourceTree = "<group>"; };
		8CD45B6F18A3B66D0075C7B6 /* DKViewController.h */ = {isa = PBXFileReference; fileEncoding = 4; lastKnownFileType = sourcecode.c.h; path = DKViewController.h; sourceTree = "<group>"; };
		8CD45B7018A3B66D0075C7B6 /* DKViewController.m */ = {isa = PBXFileReference; fileEncoding = 4; lastKnownFileType = sourcecode.c.objc; path = DKViewController.m; sourceTree = "<group>"; };
		8CD45B7118A3B66D0075C7B6 /* DKViewController.xib */ = {isa = PBXFileReference; fileEncoding = 4; lastKnownFileType = file.xib; path = DKViewController.xib; sourceTree = "<group>"; };
		8CD45B7418A3C5980075C7B6 /* Event.h */ = {isa = PBXFileReference; fileEncoding = 4; lastKnownFileType = sourcecode.c.h; path = Event.h; sourceTree = "<group>"; };
		8CD45B7518A3C5980075C7B6 /* Event.m */ = {isa = PBXFileReference; fileEncoding = 4; lastKnownFileType = sourcecode.c.objc; path = Event.m; sourceTree = "<group>"; };
		8CD45B7718A3C5990075C7B6 /* Action.h */ = {isa = PBXFileReference; fileEncoding = 4; lastKnownFileType = sourcecode.c.h; path = Action.h; sourceTree = "<group>"; };
		8CD45B7818A3C5990075C7B6 /* Action.m */ = {isa = PBXFileReference; fileEncoding = 4; lastKnownFileType = sourcecode.c.objc; path = Action.m; sourceTree = "<group>"; };
/* End PBXFileReference section */

/* Begin PBXFrameworksBuildPhase section */
		8CD45B3318A3B1C10075C7B6 /* Frameworks */ = {
			isa = PBXFrameworksBuildPhase;
			buildActionMask = 2147483647;
			files = (
				8CD45B3C18A3B1C10075C7B6 /* CoreGraphics.framework in Frameworks */,
				8CD45B4018A3B1C10075C7B6 /* CoreData.framework in Frameworks */,
				8CD45B3E18A3B1C10075C7B6 /* UIKit.framework in Frameworks */,
				8CD45B3A18A3B1C10075C7B6 /* Foundation.framework in Frameworks */,
			);
			runOnlyForDeploymentPostprocessing = 0;
		};
		8CD45B5318A3B1C20075C7B6 /* Frameworks */ = {
			isa = PBXFrameworksBuildPhase;
			buildActionMask = 2147483647;
			files = (
				8CD45B5818A3B1C20075C7B6 /* XCTest.framework in Frameworks */,
				8CD45B5B18A3B1C20075C7B6 /* CoreData.framework in Frameworks */,
				8CD45B5A18A3B1C20075C7B6 /* UIKit.framework in Frameworks */,
				8CD45B5918A3B1C20075C7B6 /* Foundation.framework in Frameworks */,
			);
			runOnlyForDeploymentPostprocessing = 0;
		};
/* End PBXFrameworksBuildPhase section */

/* Begin PBXGroup section */
		8CABB4E818AB969900EA72F3 /* Paginated Table View */ = {
			isa = PBXGroup;
			children = (
				8CABB4E918AB969900EA72F3 /* DKPaginatedTableViewController.h */,
				8CABB4EA18AB969900EA72F3 /* DKPaginatedTableViewController.m */,
			);
			path = "Paginated Table View";
			sourceTree = "<group>";
		};
		8CD45B2D18A3B1C10075C7B6 = {
			isa = PBXGroup;
			children = (
				8CD45B4118A3B1C10075C7B6 /* Paginated Table View */,
				8CD45B5E18A3B1C20075C7B6 /* CoreDataTests */,
				8CD45B3818A3B1C10075C7B6 /* Frameworks */,
				8CD45B3718A3B1C10075C7B6 /* Products */,
			);
			sourceTree = "<group>";
		};
		8CD45B3718A3B1C10075C7B6 /* Products */ = {
			isa = PBXGroup;
			children = (
				8CD45B3618A3B1C10075C7B6 /* Paginated Table View.app */,
				8CD45B5618A3B1C20075C7B6 /* Paginated Table ViewTests.xctest */,
			);
			name = Products;
			sourceTree = "<group>";
		};
		8CD45B3818A3B1C10075C7B6 /* Frameworks */ = {
			isa = PBXGroup;
			children = (
				8CD45B3918A3B1C10075C7B6 /* Foundation.framework */,
				8CD45B3B18A3B1C10075C7B6 /* CoreGraphics.framework */,
				8CD45B3D18A3B1C10075C7B6 /* UIKit.framework */,
				8CD45B3F18A3B1C10075C7B6 /* CoreData.framework */,
				8CD45B5718A3B1C20075C7B6 /* XCTest.framework */,
			);
			name = Frameworks;
			sourceTree = "<group>";
		};
		8CD45B4118A3B1C10075C7B6 /* Paginated Table View */ = {
			isa = PBXGroup;
			children = (
				8CABB4E818AB969900EA72F3 /* Paginated Table View */,
				8CD45B6E18A3B6280075C7B6 /* Main Controller */,
				8CD45B4A18A3B1C10075C7B6 /* DKAppDelegate.h */,
				8CD45B4B18A3B1C20075C7B6 /* DKAppDelegate.m */,
				8CD45B5018A3B1C20075C7B6 /* Images.xcassets */,
				8CD45B4D18A3B1C20075C7B6 /* CoreData.xcdatamodeld */,
				8CD45B7718A3C5990075C7B6 /* Action.h */,
				8CD45B7818A3C5990075C7B6 /* Action.m */,
				8CD45B7418A3C5980075C7B6 /* Event.h */,
				8CD45B7518A3C5980075C7B6 /* Event.m */,
				8CD45B4218A3B1C10075C7B6 /* Supporting Files */,
			);
			name = "Paginated Table View";
			path = CoreData;
			sourceTree = "<group>";
		};
		8CD45B4218A3B1C10075C7B6 /* Supporting Files */ = {
			isa = PBXGroup;
			children = (
				8CD45B4318A3B1C10075C7B6 /* Paginated Table View-Info.plist */,
				8CD45B4418A3B1C10075C7B6 /* InfoPlist.strings */,
				8CD45B4718A3B1C10075C7B6 /* main.m */,
				8CD45B4918A3B1C10075C7B6 /* Paginated Table View-Prefix.pch */,
			);
			name = "Supporting Files";
			sourceTree = "<group>";
		};
		8CD45B5E18A3B1C20075C7B6 /* CoreDataTests */ = {
			isa = PBXGroup;
			children = (
				8CD45B6418A3B1C20075C7B6 /* CoreDataTests.m */,
				8CD45B5F18A3B1C20075C7B6 /* Supporting Files */,
			);
			path = CoreDataTests;
			sourceTree = "<group>";
		};
		8CD45B5F18A3B1C20075C7B6 /* Supporting Files */ = {
			isa = PBXGroup;
			children = (
				8CD45B6018A3B1C20075C7B6 /* Paginated Table ViewTests-Info.plist */,
				8CD45B6118A3B1C20075C7B6 /* InfoPlist.strings */,
			);
			name = "Supporting Files";
			sourceTree = "<group>";
		};
		8CD45B6E18A3B6280075C7B6 /* Main Controller */ = {
			isa = PBXGroup;
			children = (
				8CD45B6F18A3B66D0075C7B6 /* DKViewController.h */,
				8CD45B7018A3B66D0075C7B6 /* DKViewController.m */,
				8CD45B7118A3B66D0075C7B6 /* DKViewController.xib */,
				8CABB4EC18AB970A00EA72F3 /* DKNextViewController.h */,
				8CABB4ED18AB970A00EA72F3 /* DKNextViewController.m */,
			);
			name = "Main Controller";
			path = ..;
			sourceTree = "<group>";
		};
/* End PBXGroup section */

/* Begin PBXNativeTarget section */
		8CD45B3518A3B1C10075C7B6 /* Paginated Table View */ = {
			isa = PBXNativeTarget;
			buildConfigurationList = 8CD45B6818A3B1C20075C7B6 /* Build configuration list for PBXNativeTarget "Paginated Table View" */;
			buildPhases = (
				8CD45B3218A3B1C10075C7B6 /* Sources */,
				8CD45B3318A3B1C10075C7B6 /* Frameworks */,
				8CD45B3418A3B1C10075C7B6 /* Resources */,
			);
			buildRules = (
			);
			dependencies = (
			);
			name = "Paginated Table View";
			productName = CoreData;
			productReference = 8CD45B3618A3B1C10075C7B6 /* Paginated Table View.app */;
			productType = "com.apple.product-type.application";
		};
		8CD45B5518A3B1C20075C7B6 /* Paginated Table ViewTests */ = {
			isa = PBXNativeTarget;
			buildConfigurationList = 8CD45B6B18A3B1C20075C7B6 /* Build configuration list for PBXNativeTarget "Paginated Table ViewTests" */;
			buildPhases = (
				8CD45B5218A3B1C20075C7B6 /* Sources */,
				8CD45B5318A3B1C20075C7B6 /* Frameworks */,
				8CD45B5418A3B1C20075C7B6 /* Resources */,
			);
			buildRules = (
			);
			dependencies = (
				8CD45B5D18A3B1C20075C7B6 /* PBXTargetDependency */,
			);
			name = "Paginated Table ViewTests";
			productName = CoreDataTests;
			productReference = 8CD45B5618A3B1C20075C7B6 /* Paginated Table ViewTests.xctest */;
			productType = "com.apple.product-type.bundle.unit-test";
		};
/* End PBXNativeTarget section */

/* Begin PBXProject section */
		8CD45B2E18A3B1C10075C7B6 /* Project object */ = {
			isa = PBXProject;
			attributes = {
				CLASSPREFIX = DK;
				LastUpgradeCheck = 0500;
				ORGANIZATIONNAME = "DK solutions";
				TargetAttributes = {
					8CD45B5518A3B1C20075C7B6 = {
						TestTargetID = 8CD45B3518A3B1C10075C7B6;
					};
				};
			};
			buildConfigurationList = 8CD45B3118A3B1C10075C7B6 /* Build configuration list for PBXProject "Paginated Table View" */;
			compatibilityVersion = "Xcode 3.2";
			developmentRegion = English;
			hasScannedForEncodings = 0;
			knownRegions = (
				en,
			);
			mainGroup = 8CD45B2D18A3B1C10075C7B6;
			productRefGroup = 8CD45B3718A3B1C10075C7B6 /* Products */;
			projectDirPath = "";
			projectRoot = "";
			targets = (
				8CD45B3518A3B1C10075C7B6 /* Paginated Table View */,
				8CD45B5518A3B1C20075C7B6 /* Paginated Table ViewTests */,
			);
		};
/* End PBXProject section */

/* Begin PBXResourcesBuildPhase section */
		8CD45B3418A3B1C10075C7B6 /* Resources */ = {
			isa = PBXResourcesBuildPhase;
			buildActionMask = 2147483647;
			files = (
				8CD45B4618A3B1C10075C7B6 /* InfoPlist.strings in Resources */,
				8CD45B7318A3B66D0075C7B6 /* DKViewController.xib in Resources */,
				8CD45B5118A3B1C20075C7B6 /* Images.xcassets in Resources */,
			);
			runOnlyForDeploymentPostprocessing = 0;
		};
		8CD45B5418A3B1C20075C7B6 /* Resources */ = {
			isa = PBXResourcesBuildPhase;
			buildActionMask = 2147483647;
			files = (
				8CD45B6318A3B1C20075C7B6 /* InfoPlist.strings in Resources */,
			);
			runOnlyForDeploymentPostprocessing = 0;
		};
/* End PBXResourcesBuildPhase section */

/* Begin PBXSourcesBuildPhase section */
		8CD45B3218A3B1C10075C7B6 /* Sources */ = {
			isa = PBXSourcesBuildPhase;
			buildActionMask = 2147483647;
			files = (
				8CD45B4818A3B1C10075C7B6 /* main.m in Sources */,
				8CD45B4C18A3B1C20075C7B6 /* DKAppDelegate.m in Sources */,
				8CD45B7618A3C5980075C7B6 /* Event.m in Sources */,
				8CD45B7918A3C5990075C7B6 /* Action.m in Sources */,
				8CABB4EB18AB969900EA72F3 /* DKPaginatedTableViewController.m in Sources */,
				8CD45B4F18A3B1C20075C7B6 /* CoreData.xcdatamodeld in Sources */,
				8CABB4EE18AB970A00EA72F3 /* DKNextViewController.m in Sources */,
				8CD45B7218A3B66D0075C7B6 /* DKViewController.m in Sources */,
			);
			runOnlyForDeploymentPostprocessing = 0;
		};
		8CD45B5218A3B1C20075C7B6 /* Sources */ = {
			isa = PBXSourcesBuildPhase;
			buildActionMask = 2147483647;
			files = (
				8CD45B6518A3B1C20075C7B6 /* CoreDataTests.m in Sources */,
			);
			runOnlyForDeploymentPostprocessing = 0;
		};
/* End PBXSourcesBuildPhase section */

/* Begin PBXTargetDependency section */
		8CD45B5D18A3B1C20075C7B6 /* PBXTargetDependency */ = {
			isa = PBXTargetDependency;
			target = 8CD45B3518A3B1C10075C7B6 /* Paginated Table View */;
			targetProxy = 8CD45B5C18A3B1C20075C7B6 /* PBXContainerItemProxy */;
		};
/* End PBXTargetDependency section */

/* Begin PBXVariantGroup section */
		8CD45B4418A3B1C10075C7B6 /* InfoPlist.strings */ = {
			isa = PBXVariantGroup;
			children = (
				8CD45B4518A3B1C10075C7B6 /* en */,
			);
			name = InfoPlist.strings;
			sourceTree = "<group>";
		};
		8CD45B6118A3B1C20075C7B6 /* InfoPlist.strings */ = {
			isa = PBXVariantGroup;
			children = (
				8CD45B6218A3B1C20075C7B6 /* en */,
			);
			name = InfoPlist.strings;
			sourceTree = "<group>";
		};
/* End PBXVariantGroup section */

/* Begin XCBuildConfiguration section */
		8CD45B6618A3B1C20075C7B6 /* Debug */ = {
			isa = XCBuildConfiguration;
			buildSettings = {
				ALWAYS_SEARCH_USER_PATHS = NO;
				ARCHS = "$(ARCHS_STANDARD_INCLUDING_64_BIT)";
				CLANG_CXX_LANGUAGE_STANDARD = "gnu++0x";
				CLANG_CXX_LIBRARY = "libc++";
				CLANG_ENABLE_MODULES = YES;
				CLANG_ENABLE_OBJC_ARC = YES;
				CLANG_WARN_BOOL_CONVERSION = YES;
				CLANG_WARN_CONSTANT_CONVERSION = YES;
				CLANG_WARN_DIRECT_OBJC_ISA_USAGE = YES_ERROR;
				CLANG_WARN_EMPTY_BODY = YES;
				CLANG_WARN_ENUM_CONVERSION = YES;
				CLANG_WARN_INT_CONVERSION = YES;
				CLANG_WARN_OBJC_ROOT_CLASS = YES_ERROR;
				CLANG_WARN__DUPLICATE_METHOD_MATCH = YES;
				"CODE_SIGN_IDENTITY[sdk=iphoneos*]" = "iPhone Developer";
				COPY_PHASE_STRIP = NO;
				GCC_C_LANGUAGE_STANDARD = gnu99;
				GCC_DYNAMIC_NO_PIC = NO;
				GCC_OPTIMIZATION_LEVEL = 0;
				GCC_PREPROCESSOR_DEFINITIONS = (
					"DEBUG=1",
					"$(inherited)",
				);
				GCC_SYMBOLS_PRIVATE_EXTERN = NO;
				GCC_WARN_64_TO_32_BIT_CONVERSION = YES;
				GCC_WARN_ABOUT_RETURN_TYPE = YES_ERROR;
				GCC_WARN_UNDECLARED_SELECTOR = YES;
				GCC_WARN_UNINITIALIZED_AUTOS = YES;
				GCC_WARN_UNUSED_FUNCTION = YES;
				GCC_WARN_UNUSED_VARIABLE = YES;
				IPHONEOS_DEPLOYMENT_TARGET = 7.0;
				ONLY_ACTIVE_ARCH = YES;
				SDKROOT = iphoneos;
				TARGETED_DEVICE_FAMILY = "1,2";
			};
			name = Debug;
		};
		8CD45B6718A3B1C20075C7B6 /* Release */ = {
			isa = XCBuildConfiguration;
			buildSettings = {
				ALWAYS_SEARCH_USER_PATHS = NO;
				ARCHS = "$(ARCHS_STANDARD_INCLUDING_64_BIT)";
				CLANG_CXX_LANGUAGE_STANDARD = "gnu++0x";
				CLANG_CXX_LIBRARY = "libc++";
				CLANG_ENABLE_MODULES = YES;
				CLANG_ENABLE_OBJC_ARC = YES;
				CLANG_WARN_BOOL_CONVERSION = YES;
				CLANG_WARN_CONSTANT_CONVERSION = YES;
				CLANG_WARN_DIRECT_OBJC_ISA_USAGE = YES_ERROR;
				CLANG_WARN_EMPTY_BODY = YES;
				CLANG_WARN_ENUM_CONVERSION = YES;
				CLANG_WARN_INT_CONVERSION = YES;
				CLANG_WARN_OBJC_ROOT_CLASS = YES_ERROR;
				CLANG_WARN__DUPLICATE_METHOD_MATCH = YES;
				"CODE_SIGN_IDENTITY[sdk=iphoneos*]" = "iPhone Developer";
				COPY_PHASE_STRIP = YES;
				ENABLE_NS_ASSERTIONS = NO;
				GCC_C_LANGUAGE_STANDARD = gnu99;
				GCC_WARN_64_TO_32_BIT_CONVERSION = YES;
				GCC_WARN_ABOUT_RETURN_TYPE = YES_ERROR;
				GCC_WARN_UNDECLARED_SELECTOR = YES;
				GCC_WARN_UNINITIALIZED_AUTOS = YES;
				GCC_WARN_UNUSED_FUNCTION = YES;
				GCC_WARN_UNUSED_VARIABLE = YES;
				IPHONEOS_DEPLOYMENT_TARGET = 7.0;
				SDKROOT = iphoneos;
				TARGETED_DEVICE_FAMILY = "1,2";
				VALIDATE_PRODUCT = YES;
			};
			name = Release;
		};
		8CD45B6918A3B1C20075C7B6 /* Debug */ = {
			isa = XCBuildConfiguration;
			buildSettings = {
				ASSETCATALOG_COMPILER_APPICON_NAME = AppIcon;
				ASSETCATALOG_COMPILER_LAUNCHIMAGE_NAME = LaunchImage;
				GCC_PRECOMPILE_PREFIX_HEADER = YES;
				GCC_PREFIX_HEADER = "CoreData/Paginated Table View-Prefix.pch";
				INFOPLIST_FILE = "CoreData/Paginated Table View-Info.plist";
				PRODUCT_NAME = "Paginated Table View";
				WRAPPER_EXTENSION = app;
			};
			name = Debug;
		};
		8CD45B6A18A3B1C20075C7B6 /* Release */ = {
			isa = XCBuildConfiguration;
			buildSettings = {
				ASSETCATALOG_COMPILER_APPICON_NAME = AppIcon;
				ASSETCATALOG_COMPILER_LAUNCHIMAGE_NAME = LaunchImage;
				GCC_PRECOMPILE_PREFIX_HEADER = YES;
				GCC_PREFIX_HEADER = "CoreData/Paginated Table View-Prefix.pch";
				INFOPLIST_FILE = "CoreData/Paginated Table View-Info.plist";
				PRODUCT_NAME = "Paginated Table View";
				WRAPPER_EXTENSION = app;
			};
			name = Release;
		};
		8CD45B6C18A3B1C20075C7B6 /* Debug */ = {
			isa = XCBuildConfiguration;
			buildSettings = {
				ARCHS = "$(ARCHS_STANDARD_INCLUDING_64_BIT)";
				BUNDLE_LOADER = "$(BUILT_PRODUCTS_DIR)/CoreData.app/CoreData";
				FRAMEWORK_SEARCH_PATHS = (
					"$(SDKROOT)/Developer/Library/Frameworks",
					"$(inherited)",
					"$(DEVELOPER_FRAMEWORKS_DIR)",
				);
				GCC_PRECOMPILE_PREFIX_HEADER = YES;
				GCC_PREFIX_HEADER = "CoreData/CoreData-Prefix.pch";
				GCC_PREPROCESSOR_DEFINITIONS = (
					"DEBUG=1",
					"$(inherited)",
				);
				INFOPLIST_FILE = "CoreDataTests/Paginated Table ViewTests-Info.plist";
				PRODUCT_NAME = "Paginated Table ViewTests";
				TEST_HOST = "$(BUNDLE_LOADER)";
				WRAPPER_EXTENSION = xctest;
			};
			name = Debug;
		};
		8CD45B6D18A3B1C20075C7B6 /* Release */ = {
			isa = XCBuildConfiguration;
			buildSettings = {
				ARCHS = "$(ARCHS_STANDARD_INCLUDING_64_BIT)";
				BUNDLE_LOADER = "$(BUILT_PRODUCTS_DIR)/CoreData.app/CoreData";
				FRAMEWORK_SEARCH_PATHS = (
					"$(SDKROOT)/Developer/Library/Frameworks",
					"$(inherited)",
					"$(DEVELOPER_FRAMEWORKS_DIR)",
				);
				GCC_PRECOMPILE_PREFIX_HEADER = YES;
				GCC_PREFIX_HEADER = "CoreData/CoreData-Prefix.pch";
				INFOPLIST_FILE = "CoreDataTests/Paginated Table ViewTests-Info.plist";
				PRODUCT_NAME = "Paginated Table ViewTests";
				TEST_HOST = "$(BUNDLE_LOADER)";
				WRAPPER_EXTENSION = xctest;
			};
			name = Release;
		};
/* End XCBuildConfiguration section */

/* Begin XCConfigurationList section */
		8CD45B3118A3B1C10075C7B6 /* Build configuration list for PBXProject "Paginated Table View" */ = {
			isa = XCConfigurationList;
			buildConfigurations = (
				8CD45B6618A3B1C20075C7B6 /* Debug */,
				8CD45B6718A3B1C20075C7B6 /* Release */,
			);
			defaultConfigurationIsVisible = 0;
			defaultConfigurationName = Release;
		};
		8CD45B6818A3B1C20075C7B6 /* Build configuration list for PBXNativeTarget "Paginated Table View" */ = {
			isa = XCConfigurationList;
			buildConfigurations = (
				8CD45B6918A3B1C20075C7B6 /* Debug */,
				8CD45B6A18A3B1C20075C7B6 /* Release */,
			);
			defaultConfigurationIsVisible = 0;
			defaultConfigurationName = Release;
		};
		8CD45B6B18A3B1C20075C7B6 /* Build configuration list for PBXNativeTarget "Paginated Table ViewTests" */ = {
			isa = XCConfigurationList;
			buildConfigurations = (
				8CD45B6C18A3B1C20075C7B6 /* Debug */,
				8CD45B6D18A3B1C20075C7B6 /* Release */,
			);
			defaultConfigurationIsVisible = 0;
			defaultConfigurationName = Release;
		};
/* End XCConfigurationList section */

/* Begin XCVersionGroup section */
		8CD45B4D18A3B1C20075C7B6 /* CoreData.xcdatamodeld */ = {
			isa = XCVersionGroup;
			children = (
				8CD45B4E18A3B1C20075C7B6 /* CoreData.xcdatamodel */,
			);
			currentVersion = 8CD45B4E18A3B1C20075C7B6 /* CoreData.xcdatamodel */;
			path = CoreData.xcdatamodeld;
			sourceTree = "<group>";
			versionGroupType = wrapper.xcdatamodel;
		};
/* End XCVersionGroup section */
	};
	rootObject = 8CD45B2E18A3B1C10075C7B6 /* Project object */;
}
